// !$*UTF8*$!
{
	archiveVersion = 1;
	classes = {
	};
	objectVersion = 46;
	objects = {

/* Begin PBXBuildFile section */
		8C291B8F1D1BA671009C1B05 /* cellCaballeros.m in Sources */ = {isa = PBXBuildFile; fileRef = 8C291B8D1D1BA671009C1B05 /* cellCaballeros.m */; };
		8C291B901D1BA671009C1B05 /* cellCaballeros.xib in Resources */ = {isa = PBXBuildFile; fileRef = 8C291B8E1D1BA671009C1B05 /* cellCaballeros.xib */; };
		8C8F4F7A1D18B88300030497 /* Intro.m in Sources */ = {isa = PBXBuildFile; fileRef = 8C8F4F791D18B88300030497 /* Intro.m */; };
		8CE8158D1D19EB1A00B29046 /* Acuario.png in Resources */ = {isa = PBXBuildFile; fileRef = 8CE8157B1D19EB1A00B29046 /* Acuario.png */; };
		8CE8158E1D19EB1A00B29046 /* Andromeda.png in Resources */ = {isa = PBXBuildFile; fileRef = 8CE8157C1D19EB1A00B29046 /* Andromeda.png */; };
		8CE8158F1D19EB1A00B29046 /* Aries.png in Resources */ = {isa = PBXBuildFile; fileRef = 8CE8157D1D19EB1A00B29046 /* Aries.png */; };
		8CE815901D19EB1A00B29046 /* Atenas.png in Resources */ = {isa = PBXBuildFile; fileRef = 8CE8157E1D19EB1A00B29046 /* Atenas.png */; };
		8CE815911D19EB1A00B29046 /* caballeros.png in Resources */ = {isa = PBXBuildFile; fileRef = 8CE8157F1D19EB1A00B29046 /* caballeros.png */; };
		8CE815921D19EB1A00B29046 /* Cancer.png in Resources */ = {isa = PBXBuildFile; fileRef = 8CE815801D19EB1A00B29046 /* Cancer.png */; };
		8CE815931D19EB1A00B29046 /* Capricornio.png in Resources */ = {isa = PBXBuildFile; fileRef = 8CE815811D19EB1A00B29046 /* Capricornio.png */; };
		8CE815941D19EB1A00B29046 /* Escorpio.png in Resources */ = {isa = PBXBuildFile; fileRef = 8CE815821D19EB1A00B29046 /* Escorpio.png */; };
		8CE815951D19EB1A00B29046 /* Fenix.png in Resources */ = {isa = PBXBuildFile; fileRef = 8CE815831D19EB1A00B29046 /* Fenix.png */; };
		8CE815961D19EB1A00B29046 /* Geminis.png in Resources */ = {isa = PBXBuildFile; fileRef = 8CE815841D19EB1A00B29046 /* Geminis.png */; };
		8CE815971D19EB1A00B29046 /* Leo.png in Resources */ = {isa = PBXBuildFile; fileRef = 8CE815851D19EB1A00B29046 /* Leo.png */; };
		8CE815981D19EB1A00B29046 /* Libra.png in Resources */ = {isa = PBXBuildFile; fileRef = 8CE815861D19EB1A00B29046 /* Libra.png */; };
		8CE815991D19EB1A00B29046 /* Picis.png in Resources */ = {isa = PBXBuildFile; fileRef = 8CE815871D19EB1A00B29046 /* Picis.png */; };
		8CE8159A1D19EB1A00B29046 /* Seiya.png in Resources */ = {isa = PBXBuildFile; fileRef = 8CE815881D19EB1A00B29046 /* Seiya.png */; };
		8CE8159B1D19EB1A00B29046 /* Shyru.png in Resources */ = {isa = PBXBuildFile; fileRef = 8CE815891D19EB1A00B29046 /* Shyru.png */; };
		8CE8159C1D19EB1A00B29046 /* Tauro.png in Resources */ = {isa = PBXBuildFile; fileRef = 8CE8158A1D19EB1A00B29046 /* Tauro.png */; };
		8CE8159D1D19EB1A00B29046 /* Virgo.png in Resources */ = {isa = PBXBuildFile; fileRef = 8CE8158B1D19EB1A00B29046 /* Virgo.png */; };
		8CE8159E1D19EB1A00B29046 /* Yioga.png in Resources */ = {isa = PBXBuildFile; fileRef = 8CE8158C1D19EB1A00B29046 /* Yioga.png */; };
		8CE815A11D19FB0500B29046 /* Home.m in Sources */ = {isa = PBXBuildFile; fileRef = 8CE815A01D19FB0500B29046 /* Home.m */; };
		8CEE59771D17A84D00319DAB /* main.m in Sources */ = {isa = PBXBuildFile; fileRef = 8CEE59761D17A84D00319DAB /* main.m */; };
		8CEE597A1D17A84D00319DAB /* AppDelegate.m in Sources */ = {isa = PBXBuildFile; fileRef = 8CEE59791D17A84D00319DAB /* AppDelegate.m */; };
		8CEE597D1D17A84D00319DAB /* Inicio.m in Sources */ = {isa = PBXBuildFile; fileRef = 8CEE597C1D17A84D00319DAB /* Inicio.m */; };
		8CEE59801D17A84D00319DAB /* Main.storyboard in Resources */ = {isa = PBXBuildFile; fileRef = 8CEE597E1D17A84D00319DAB /* Main.storyboard */; };
		8CEE59831D17A84D00319DAB /* Lab04.xcdatamodeld in Sources */ = {isa = PBXBuildFile; fileRef = 8CEE59811D17A84D00319DAB /* Lab04.xcdatamodeld */; };
		8CEE59851D17A84D00319DAB /* Assets.xcassets in Resources */ = {isa = PBXBuildFile; fileRef = 8CEE59841D17A84D00319DAB /* Assets.xcassets */; };
		8CEE59881D17A84D00319DAB /* LaunchScreen.storyboard in Resources */ = {isa = PBXBuildFile; fileRef = 8CEE59861D17A84D00319DAB /* LaunchScreen.storyboard */; };
		8CEE59931D17A99600319DAB /* Globales.m in Sources */ = {isa = PBXBuildFile; fileRef = 8CEE59921D17A99600319DAB /* Globales.m */; };
/* End PBXBuildFile section */

/* Begin PBXFileReference section */
		8C291B8C1D1BA671009C1B05 /* cellCaballeros.h */ = {isa = PBXFileReference; fileEncoding = 4; lastKnownFileType = sourcecode.c.h; path = cellCaballeros.h; sourceTree = "<group>"; };
		8C291B8D1D1BA671009C1B05 /* cellCaballeros.m */ = {isa = PBXFileReference; fileEncoding = 4; lastKnownFileType = sourcecode.c.objc; path = cellCaballeros.m; sourceTree = "<group>"; };
		8C291B8E1D1BA671009C1B05 /* cellCaballeros.xib */ = {isa = PBXFileReference; fileEncoding = 4; lastKnownFileType = file.xib; path = cellCaballeros.xib; sourceTree = "<group>"; };
		8C8F4F781D18B88300030497 /* Intro.h */ = {isa = PBXFileReference; fileEncoding = 4; lastKnownFileType = sourcecode.c.h; path = Intro.h; sourceTree = "<group>"; };
		8C8F4F791D18B88300030497 /* Intro.m */ = {isa = PBXFileReference; fileEncoding = 4; lastKnownFileType = sourcecode.c.objc; path = Intro.m; sourceTree = "<group>"; };
		8CE8157B1D19EB1A00B29046 /* Acuario.png */ = {isa = PBXFileReference; lastKnownFileType = image.png; path = Acuario.png; sourceTree = "<group>"; };
		8CE8157C1D19EB1A00B29046 /* Andromeda.png */ = {isa = PBXFileReference; lastKnownFileType = image.png; path = Andromeda.png; sourceTree = "<group>"; };
		8CE8157D1D19EB1A00B29046 /* Aries.png */ = {isa = PBXFileReference; lastKnownFileType = image.png; path = Aries.png; sourceTree = "<group>"; };
		8CE8157E1D19EB1A00B29046 /* Atenas.png */ = {isa = PBXFileReference; lastKnownFileType = image.png; path = Atenas.png; sourceTree = "<group>"; };
		8CE8157F1D19EB1A00B29046 /* caballeros.png */ = {isa = PBXFileReference; lastKnownFileType = image.png; path = caballeros.png; sourceTree = "<group>"; };
		8CE815801D19EB1A00B29046 /* Cancer.png */ = {isa = PBXFileReference; lastKnownFileType = image.png; path = Cancer.png; sourceTree = "<group>"; };
		8CE815811D19EB1A00B29046 /* Capricornio.png */ = {isa = PBXFileReference; lastKnownFileType = image.png; path = Capricornio.png; sourceTree = "<group>"; };
		8CE815821D19EB1A00B29046 /* Escorpio.png */ = {isa = PBXFileReference; lastKnownFileType = image.png; path = Escorpio.png; sourceTree = "<group>"; };
		8CE815831D19EB1A00B29046 /* Fenix.png */ = {isa = PBXFileReference; lastKnownFileType = image.png; path = Fenix.png; sourceTree = "<group>"; };
		8CE815841D19EB1A00B29046 /* Geminis.png */ = {isa = PBXFileReference; lastKnownFileType = image.png; path = Geminis.png; sourceTree = "<group>"; };
		8CE815851D19EB1A00B29046 /* Leo.png */ = {isa = PBXFileReference; lastKnownFileType = image.png; path = Leo.png; sourceTree = "<group>"; };
		8CE815861D19EB1A00B29046 /* Libra.png */ = {isa = PBXFileReference; lastKnownFileType = image.png; path = Libra.png; sourceTree = "<group>"; };
		8CE815871D19EB1A00B29046 /* Picis.png */ = {isa = PBXFileReference; lastKnownFileType = image.png; path = Picis.png; sourceTree = "<group>"; };
		8CE815881D19EB1A00B29046 /* Seiya.png */ = {isa = PBXFileReference; lastKnownFileType = image.png; path = Seiya.png; sourceTree = "<group>"; };
		8CE815891D19EB1A00B29046 /* Shyru.png */ = {isa = PBXFileReference; lastKnownFileType = image.png; path = Shyru.png; sourceTree = "<group>"; };
		8CE8158A1D19EB1A00B29046 /* Tauro.png */ = {isa = PBXFileReference; lastKnownFileType = image.png; path = Tauro.png; sourceTree = "<group>"; };
		8CE8158B1D19EB1A00B29046 /* Virgo.png */ = {isa = PBXFileReference; lastKnownFileType = image.png; path = Virgo.png; sourceTree = "<group>"; };
		8CE8158C1D19EB1A00B29046 /* Yioga.png */ = {isa = PBXFileReference; lastKnownFileType = image.png; path = Yioga.png; sourceTree = "<group>"; };
		8CE8159F1D19FB0500B29046 /* Home.h */ = {isa = PBXFileReference; fileEncoding = 4; lastKnownFileType = sourcecode.c.h; path = Home.h; sourceTree = "<group>"; };
		8CE815A01D19FB0500B29046 /* Home.m */ = {isa = PBXFileReference; fileEncoding = 4; lastKnownFileType = sourcecode.c.objc; path = Home.m; sourceTree = "<group>"; };
		8CEE59721D17A84D00319DAB /* Lab04.app */ = {isa = PBXFileReference; explicitFileType = wrapper.application; includeInIndex = 0; path = Lab04.app; sourceTree = BUILT_PRODUCTS_DIR; };
		8CEE59761D17A84D00319DAB /* main.m */ = {isa = PBXFileReference; lastKnownFileType = sourcecode.c.objc; path = main.m; sourceTree = "<group>"; };
		8CEE59781D17A84D00319DAB /* AppDelegate.h */ = {isa = PBXFileReference; lastKnownFileType = sourcecode.c.h; path = AppDelegate.h; sourceTree = "<group>"; };
		8CEE59791D17A84D00319DAB /* AppDelegate.m */ = {isa = PBXFileReference; lastKnownFileType = sourcecode.c.objc; path = AppDelegate.m; sourceTree = "<group>"; };
		8CEE597B1D17A84D00319DAB /* Inicio.h */ = {isa = PBXFileReference; lastKnownFileType = sourcecode.c.h; path = Inicio.h; sourceTree = "<group>"; };
		8CEE597C1D17A84D00319DAB /* Inicio.m */ = {isa = PBXFileReference; lastKnownFileType = sourcecode.c.objc; path = Inicio.m; sourceTree = "<group>"; };
		8CEE597F1D17A84D00319DAB /* Base */ = {isa = PBXFileReference; lastKnownFileType = file.storyboard; name = Base; path = Base.lproj/Main.storyboard; sourceTree = "<group>"; };
		8CEE59821D17A84D00319DAB /* Lab04.xcdatamodel */ = {isa = PBXFileReference; lastKnownFileType = wrapper.xcdatamodel; path = Lab04.xcdatamodel; sourceTree = "<group>"; };
		8CEE59841D17A84D00319DAB /* Assets.xcassets */ = {isa = PBXFileReference; lastKnownFileType = folder.assetcatalog; path = Assets.xcassets; sourceTree = "<group>"; };
		8CEE59871D17A84D00319DAB /* Base */ = {isa = PBXFileReference; lastKnownFileType = file.storyboard; name = Base; path = Base.lproj/LaunchScreen.storyboard; sourceTree = "<group>"; };
		8CEE59891D17A84D00319DAB /* Info.plist */ = {isa = PBXFileReference; lastKnownFileType = text.plist.xml; path = Info.plist; sourceTree = "<group>"; };
		8CEE59911D17A99600319DAB /* Globales.h */ = {isa = PBXFileReference; fileEncoding = 4; lastKnownFileType = sourcecode.c.h; path = Globales.h; sourceTree = "<group>"; };
		8CEE59921D17A99600319DAB /* Globales.m */ = {isa = PBXFileReference; fileEncoding = 4; lastKnownFileType = sourcecode.c.objc; path = Globales.m; sourceTree = "<group>"; };
/* End PBXFileReference section */

/* Begin PBXFrameworksBuildPhase section */
		8CEE596F1D17A84D00319DAB /* Frameworks */ = {
			isa = PBXFrameworksBuildPhase;
			buildActionMask = 2147483647;
			files = (
			);
			runOnlyForDeploymentPostprocessing = 0;
		};
/* End PBXFrameworksBuildPhase section */

/* Begin PBXGroup section */
		8CE8157A1D19EB1A00B29046 /* Imagenes */ = {
			isa = PBXGroup;
			children = (
				8CE8157B1D19EB1A00B29046 /* Acuario.png */,
				8CE8157C1D19EB1A00B29046 /* Andromeda.png */,
				8CE8157D1D19EB1A00B29046 /* Aries.png */,
				8CE8157E1D19EB1A00B29046 /* Atenas.png */,
				8CE8157F1D19EB1A00B29046 /* caballeros.png */,
				8CE815801D19EB1A00B29046 /* Cancer.png */,
				8CE815811D19EB1A00B29046 /* Capricornio.png */,
				8CE815821D19EB1A00B29046 /* Escorpio.png */,
				8CE815831D19EB1A00B29046 /* Fenix.png */,
				8CE815841D19EB1A00B29046 /* Geminis.png */,
				8CE815851D19EB1A00B29046 /* Leo.png */,
				8CE815861D19EB1A00B29046 /* Libra.png */,
				8CE815871D19EB1A00B29046 /* Picis.png */,
				8CE815881D19EB1A00B29046 /* Seiya.png */,
				8CE815891D19EB1A00B29046 /* Shyru.png */,
				8CE8158A1D19EB1A00B29046 /* Tauro.png */,
				8CE8158B1D19EB1A00B29046 /* Virgo.png */,
				8CE8158C1D19EB1A00B29046 /* Yioga.png */,
			);
			path = Imagenes;
			sourceTree = "<group>";
		};
		8CED96E81D1BA3CF0046E744 /* Celdas */ = {
			isa = PBXGroup;
			children = (
				8C291B8C1D1BA671009C1B05 /* cellCaballeros.h */,
				8C291B8D1D1BA671009C1B05 /* cellCaballeros.m */,
				8C291B8E1D1BA671009C1B05 /* cellCaballeros.xib */,
			);
			name = Celdas;
			sourceTree = "<group>";
		};
		8CEE59691D17A84D00319DAB = {
			isa = PBXGroup;
			children = (
				8CEE59741D17A84D00319DAB /* Lab04 */,
				8CEE59731D17A84D00319DAB /* Products */,
			);
			sourceTree = "<group>";
		};
		8CEE59731D17A84D00319DAB /* Products */ = {
			isa = PBXGroup;
			children = (
				8CEE59721D17A84D00319DAB /* Lab04.app */,
			);
			name = Products;
			sourceTree = "<group>";
		};
		8CEE59741D17A84D00319DAB /* Lab04 */ = {
			isa = PBXGroup;
			children = (
				8CED96E81D1BA3CF0046E744 /* Celdas */,
				8CE8157A1D19EB1A00B29046 /* Imagenes */,
				8CEE59901D17A86600319DAB /* Main */,
				8CEE598F1D17A85700319DAB /* Controllers */,
				8CEE597E1D17A84D00319DAB /* Main.storyboard */,
				8CEE59841D17A84D00319DAB /* Assets.xcassets */,
				8CEE59861D17A84D00319DAB /* LaunchScreen.storyboard */,
				8CEE59891D17A84D00319DAB /* Info.plist */,
				8CEE59811D17A84D00319DAB /* Lab04.xcdatamodeld */,
				8CEE59751D17A84D00319DAB /* Supporting Files */,
			);
			path = Lab04;
			sourceTree = "<group>";
		};
		8CEE59751D17A84D00319DAB /* Supporting Files */ = {
			isa = PBXGroup;
			children = (
				8CEE59761D17A84D00319DAB /* main.m */,
			);
			name = "Supporting Files";
			sourceTree = "<group>";
		};
		8CEE598F1D17A85700319DAB /* Controllers */ = {
			isa = PBXGroup;
			children = (
				8CEE597B1D17A84D00319DAB /* Inicio.h */,
				8CEE597C1D17A84D00319DAB /* Inicio.m */,
				8C8F4F781D18B88300030497 /* Intro.h */,
				8C8F4F791D18B88300030497 /* Intro.m */,
				8CE8159F1D19FB0500B29046 /* Home.h */,
				8CE815A01D19FB0500B29046 /* Home.m */,
			);
			name = Controllers;
			sourceTree = "<group>";
		};
		8CEE59901D17A86600319DAB /* Main */ = {
			isa = PBXGroup;
			children = (
				8CEE59781D17A84D00319DAB /* AppDelegate.h */,
				8CEE59791D17A84D00319DAB /* AppDelegate.m */,
				8CEE59911D17A99600319DAB /* Globales.h */,
				8CEE59921D17A99600319DAB /* Globales.m */,
			);
			name = Main;
			sourceTree = "<group>";
		};
/* End PBXGroup section */

/* Begin PBXNativeTarget section */
		8CEE59711D17A84D00319DAB /* Lab04 */ = {
			isa = PBXNativeTarget;
			buildConfigurationList = 8CEE598C1D17A84D00319DAB /* Build configuration list for PBXNativeTarget "Lab04" */;
			buildPhases = (
				8CEE596E1D17A84D00319DAB /* Sources */,
				8CEE596F1D17A84D00319DAB /* Frameworks */,
				8CEE59701D17A84D00319DAB /* Resources */,
			);
			buildRules = (
			);
			dependencies = (
			);
			name = Lab04;
			productName = Lab04;
			productReference = 8CEE59721D17A84D00319DAB /* Lab04.app */;
			productType = "com.apple.product-type.application";
		};
/* End PBXNativeTarget section */

/* Begin PBXProject section */
		8CEE596A1D17A84D00319DAB /* Project object */ = {
			isa = PBXProject;
			attributes = {
				LastUpgradeCheck = 0730;
				ORGANIZATIONNAME = RGO;
				TargetAttributes = {
					8CEE59711D17A84D00319DAB = {
						CreatedOnToolsVersion = 7.3.1;
					};
				};
			};
			buildConfigurationList = 8CEE596D1D17A84D00319DAB /* Build configuration list for PBXProject "Lab04" */;
			compatibilityVersion = "Xcode 3.2";
			developmentRegion = English;
			hasScannedForEncodings = 0;
			knownRegions = (
				en,
				Base,
			);
			mainGroup = 8CEE59691D17A84D00319DAB;
			productRefGroup = 8CEE59731D17A84D00319DAB /* Products */;
			projectDirPath = "";
			projectRoot = "";
			targets = (
				8CEE59711D17A84D00319DAB /* Lab04 */,
			);
		};
/* End PBXProject section */

/* Begin PBXResourcesBuildPhase section */
		8CEE59701D17A84D00319DAB /* Resources */ = {
			isa = PBXResourcesBuildPhase;
			buildActionMask = 2147483647;
			files = (
				8CE815981D19EB1A00B29046 /* Libra.png in Resources */,
				8C291B901D1BA671009C1B05 /* cellCaballeros.xib in Resources */,
				8CEE59881D17A84D00319DAB /* LaunchScreen.storyboard in Resources */,
				8CE815961D19EB1A00B29046 /* Geminis.png in Resources */,
				8CE815931D19EB1A00B29046 /* Capricornio.png in Resources */,
				8CE815991D19EB1A00B29046 /* Picis.png in Resources */,
				8CE815911D19EB1A00B29046 /* caballeros.png in Resources */,
				8CE815901D19EB1A00B29046 /* Atenas.png in Resources */,
				8CEE59851D17A84D00319DAB /* Assets.xcassets in Resources */,
				8CE8158F1D19EB1A00B29046 /* Aries.png in Resources */,
				8CE8158D1D19EB1A00B29046 /* Acuario.png in Resources */,
				8CEE59801D17A84D00319DAB /* Main.storyboard in Resources */,
				8CE8159C1D19EB1A00B29046 /* Tauro.png in Resources */,
				8CE8159A1D19EB1A00B29046 /* Seiya.png in Resources */,
				8CE815921D19EB1A00B29046 /* Cancer.png in Resources */,
				8CE8158E1D19EB1A00B29046 /* Andromeda.png in Resources */,
				8CE8159D1D19EB1A00B29046 /* Virgo.png in Resources */,
				8CE815951D19EB1A00B29046 /* Fenix.png in Resources */,
				8CE815971D19EB1A00B29046 /* Leo.png in Resources */,
				8CE815941D19EB1A00B29046 /* Escorpio.png in Resources */,
				8CE8159E1D19EB1A00B29046 /* Yioga.png in Resources */,
				8CE8159B1D19EB1A00B29046 /* Shyru.png in Resources */,
			);
			runOnlyForDeploymentPostprocessing = 0;
		};
/* End PBXResourcesBuildPhase section */

/* Begin PBXSourcesBuildPhase section */
		8CEE596E1D17A84D00319DAB /* Sources */ = {
			isa = PBXSourcesBuildPhase;
			buildActionMask = 2147483647;
			files = (
				8C8F4F7A1D18B88300030497 /* Intro.m in Sources */,
				8CEE597D1D17A84D00319DAB /* Inicio.m in Sources */,
				8CEE59931D17A99600319DAB /* Globales.m in Sources */,
				8C291B8F1D1BA671009C1B05 /* cellCaballeros.m in Sources */,
				8CEE59831D17A84D00319DAB /* Lab04.xcdatamodeld in Sources */,
				8CE815A11D19FB0500B29046 /* Home.m in Sources */,
				8CEE597A1D17A84D00319DAB /* AppDelegate.m in Sources */,
				8CEE59771D17A84D00319DAB /* main.m in Sources */,
			);
			runOnlyForDeploymentPostprocessing = 0;
		};
/* End PBXSourcesBuildPhase section */

/* Begin PBXVariantGroup section */
		8CEE597E1D17A84D00319DAB /* Main.storyboard */ = {
			isa = PBXVariantGroup;
			children = (
				8CEE597F1D17A84D00319DAB /* Base */,
			);
			name = Main.storyboard;
			sourceTree = "<group>";
		};
		8CEE59861D17A84D00319DAB /* LaunchScreen.storyboard */ = {
			isa = PBXVariantGroup;
			children = (
				8CEE59871D17A84D00319DAB /* Base */,
			);
			name = LaunchScreen.storyboard;
			sourceTree = "<group>";
		};
/* End PBXVariantGroup section */

/* Begin XCBuildConfiguration section */
		8CEE598A1D17A84D00319DAB /* Debug */ = {
			isa = XCBuildConfiguration;
			buildSettings = {
				ALWAYS_SEARCH_USER_PATHS = NO;
				CLANG_ANALYZER_NONNULL = YES;
				CLANG_CXX_LANGUAGE_STANDARD = "gnu++0x";
				CLANG_CXX_LIBRARY = "libc++";
				CLANG_ENABLE_MODULES = YES;
				CLANG_ENABLE_OBJC_ARC = YES;
				CLANG_WARN_BOOL_CONVERSION = YES;
				CLANG_WARN_CONSTANT_CONVERSION = YES;
				CLANG_WARN_DIRECT_OBJC_ISA_USAGE = YES_ERROR;
				CLANG_WARN_EMPTY_BODY = YES;
				CLANG_WARN_ENUM_CONVERSION = YES;
				CLANG_WARN_INT_CONVERSION = YES;
				CLANG_WARN_OBJC_ROOT_CLASS = YES_ERROR;
				CLANG_WARN_UNREACHABLE_CODE = YES;
				CLANG_WARN__DUPLICATE_METHOD_MATCH = YES;
				"CODE_SIGN_IDENTITY[sdk=iphoneos*]" = "iPhone Developer";
				COPY_PHASE_STRIP = NO;
				DEBUG_INFORMATION_FORMAT = dwarf;
				ENABLE_STRICT_OBJC_MSGSEND = YES;
				ENABLE_TESTABILITY = YES;
				GCC_C_LANGUAGE_STANDARD = gnu99;
				GCC_DYNAMIC_NO_PIC = NO;
				GCC_NO_COMMON_BLOCKS = YES;
				GCC_OPTIMIZATION_LEVEL = 0;
				GCC_PREPROCESSOR_DEFINITIONS = (
					"DEBUG=1",
					"$(inherited)",
				);
				GCC_WARN_64_TO_32_BIT_CONVERSION = YES;
				GCC_WARN_ABOUT_RETURN_TYPE = YES_ERROR;
				GCC_WARN_UNDECLARED_SELECTOR = YES;
				GCC_WARN_UNINITIALIZED_AUTOS = YES_AGGRESSIVE;
				GCC_WARN_UNUSED_FUNCTION = YES;
				GCC_WARN_UNUSED_VARIABLE = YES;
				IPHONEOS_DEPLOYMENT_TARGET = 9.3;
				MTL_ENABLE_DEBUG_INFO = YES;
				ONLY_ACTIVE_ARCH = YES;
				SDKROOT = iphoneos;
			};
			name = Debug;
		};
		8CEE598B1D17A84D00319DAB /* Release */ = {
			isa = XCBuildConfiguration;
			buildSettings = {
				ALWAYS_SEARCH_USER_PATHS = NO;
				CLANG_ANALYZER_NONNULL = YES;
				CLANG_CXX_LANGUAGE_STANDARD = "gnu++0x";
				CLANG_CXX_LIBRARY = "libc++";
				CLANG_ENABLE_MODULES = YES;
				CLANG_ENABLE_OBJC_ARC = YES;
				CLANG_WARN_BOOL_CONVERSION = YES;
				CLANG_WARN_CONSTANT_CONVERSION = YES;
				CLANG_WARN_DIRECT_OBJC_ISA_USAGE = YES_ERROR;
				CLANG_WARN_EMPTY_BODY = YES;
				CLANG_WARN_ENUM_CONVERSION = YES;
				CLANG_WARN_INT_CONVERSION = YES;
				CLANG_WARN_OBJC_ROOT_CLASS = YES_ERROR;
				CLANG_WARN_UNREACHABLE_CODE = YES;
				CLANG_WARN__DUPLICATE_METHOD_MATCH = YES;
				"CODE_SIGN_IDENTITY[sdk=iphoneos*]" = "iPhone Developer";
				COPY_PHASE_STRIP = NO;
				DEBUG_INFORMATION_FORMAT = "dwarf-with-dsym";
				ENABLE_NS_ASSERTIONS = NO;
				ENABLE_STRICT_OBJC_MSGSEND = YES;
				GCC_C_LANGUAGE_STANDARD = gnu99;
				GCC_NO_COMMON_BLOCKS = YES;
				GCC_WARN_64_TO_32_BIT_CONVERSION = YES;
				GCC_WARN_ABOUT_RETURN_TYPE = YES_ERROR;
				GCC_WARN_UNDECLARED_SELECTOR = YES;
				GCC_WARN_UNINITIALIZED_AUTOS = YES_AGGRESSIVE;
				GCC_WARN_UNUSED_FUNCTION = YES;
				GCC_WARN_UNUSED_VARIABLE = YES;
				IPHONEOS_DEPLOYMENT_TARGET = 9.3;
				MTL_ENABLE_DEBUG_INFO = NO;
				SDKROOT = iphoneos;
				VALIDATE_PRODUCT = YES;
			};
			name = Release;
		};
		8CEE598D1D17A84D00319DAB /* Debug */ = {
			isa = XCBuildConfiguration;
			buildSettings = {
				ASSETCATALOG_COMPILER_APPICON_NAME = AppIcon;
				INFOPLIST_FILE = Lab04/Info.plist;
				LD_RUNPATH_SEARCH_PATHS = "$(inherited) @executable_path/Frameworks";
				PRODUCT_BUNDLE_IDENTIFIER = COM.RGO.Lab04;
				PRODUCT_NAME = "$(TARGET_NAME)";
			};
			name = Debug;
		};
		8CEE598E1D17A84D00319DAB /* Release */ = {
			isa = XCBuildConfiguration;
			buildSettings = {
				ASSETCATALOG_COMPILER_APPICON_NAME = AppIcon;
				INFOPLIST_FILE = Lab04/Info.plist;
				LD_RUNPATH_SEARCH_PATHS = "$(inherited) @executable_path/Frameworks";
				PRODUCT_BUNDLE_IDENTIFIER = COM.RGO.Lab04;
				PRODUCT_NAME = "$(TARGET_NAME)";
			};
			name = Release;
		};
/* End XCBuildConfiguration section */

/* Begin XCConfigurationList section */
		8CEE596D1D17A84D00319DAB /* Build configuration list for PBXProject "Lab04" */ = {
			isa = XCConfigurationList;
			buildConfigurations = (
				8CEE598A1D17A84D00319DAB /* Debug */,
				8CEE598B1D17A84D00319DAB /* Release */,
			);
			defaultConfigurationIsVisible = 0;
			defaultConfigurationName = Release;
		};
		8CEE598C1D17A84D00319DAB /* Build configuration list for PBXNativeTarget "Lab04" */ = {
			isa = XCConfigurationList;
			buildConfigurations = (
				8CEE598D1D17A84D00319DAB /* Debug */,
				8CEE598E1D17A84D00319DAB /* Release */,
			);
			defaultConfigurationIsVisible = 0;
			defaultConfigurationName = Release;
		};
/* End XCConfigurationList section */

/* Begin XCVersionGroup section */
		8CEE59811D17A84D00319DAB /* Lab04.xcdatamodeld */ = {
			isa = XCVersionGroup;
			children = (
				8CEE59821D17A84D00319DAB /* Lab04.xcdatamodel */,
			);
			currentVersion = 8CEE59821D17A84D00319DAB /* Lab04.xcdatamodel */;
			path = Lab04.xcdatamodeld;
			sourceTree = "<group>";
			versionGroupType = wrapper.xcdatamodel;
		};
/* End XCVersionGroup section */
	};
	rootObject = 8CEE596A1D17A84D00319DAB /* Project object */;
}
